
Microsoft Visual Studio Solution File, Format Version 12.00
# Visual Studio Version 16
VisualStudioVersion = 16.0.30503.244
MinimumVisualStudioVersion = 10.0.40219.1
Project("{FAE04EC0-301F-11D3-BF4B-00C04F79EFBC}") = "PaspCore", "PaspCore\PaspCore.csproj", "{FF713245-774A-40C5-BC44-DEB626ADF776}"
EndProject
Project("{FAE04EC0-301F-11D3-BF4B-00C04F79EFBC}") = "PaspApp", "PaspApp\PaspApp.csproj", "{23F0D5E7-4C61-4DF0-82F4-C90EC2A41D10}"
EndProject
Global
	GlobalSection(SolutionConfigurationPlatforms) = preSolution
		Debug|Any CPU = Debug|Any CPU
		Release|Any CPU = Release|Any CPU
	EndGlobalSection
	GlobalSection(ProjectConfigurationPlatforms) = postSolution
		{FF713245-774A-40C5-BC44-DEB626ADF776}.Debug|Any CPU.ActiveCfg = Debug|Any CPU
		{FF713245-774A-40C5-BC44-DEB626ADF776}.Debug|Any CPU.Build.0 = Debug|Any CPU
		{FF713245-774A-40C5-BC44-DEB626ADF776}.Release|Any CPU.ActiveCfg = Release|Any CPU
		{FF713245-774A-40C5-BC44-DEB626ADF776}.Release|Any CPU.Build.0 = Release|Any CPU
		{23F0D5E7-4C61-4DF0-82F4-C90EC2A41D10}.Debug|Any CPU.ActiveCfg = Debug|Any CPU
		{23F0D5E7-4C61-4DF0-82F4-C90EC2A41D10}.Debug|Any CPU.Build.0 = Debug|Any CPU
		{23F0D5E7-4C61-4DF0-82F4-C90EC2A41D10}.Release|Any CPU.ActiveCfg = Release|Any CPU
		{23F0D5E7-4C61-4DF0-82F4-C90EC2A41D10}.Release|Any CPU.Build.0 = Release|Any CPU
	EndGlobalSection
	GlobalSection(SolutionProperties) = preSolution
		HideSolutionNode = FALSE
	EndGlobalSection
	GlobalSection(ExtensibilityGlobals) = postSolution
		SolutionGuid = {062EE851-A69F-461D-B78B-77106FFDFFD6}
	EndGlobalSection
EndGlobal
